
Microsoft Visual Studio Solution File, Format Version 12.00
# Visual Studio Version 17
VisualStudioVersion = 17.12.35527.113 d17.12
MinimumVisualStudioVersion = 10.0.40219.1
Project("{54A90642-561A-4BB1-A94E-469ADEE60C69}") = "business-card", "business-card\business-card.esproj", "{6A0423F2-E573-415A-B414-3DBD66607373}"
EndProject
Global
	GlobalSection(SolutionConfigurationPlatforms) = preSolution
		Debug|Any CPU = Debug|Any CPU
		Release|Any CPU = Release|Any CPU
	EndGlobalSection
	GlobalSection(ProjectConfigurationPlatforms) = postSolution
		{6A0423F2-E573-415A-B414-3DBD66607373}.Debug|Any CPU.ActiveCfg = Debug|Any CPU
		{6A0423F2-E573-415A-B414-3DBD66607373}.Debug|Any CPU.Build.0 = Debug|Any CPU
		{6A0423F2-E573-415A-B414-3DBD66607373}.Debug|Any CPU.Deploy.0 = Debug|Any CPU
		{6A0423F2-E573-415A-B414-3DBD66607373}.Release|Any CPU.ActiveCfg = Release|Any CPU
		{6A0423F2-E573-415A-B414-3DBD66607373}.Release|Any CPU.Build.0 = Release|Any CPU
		{6A0423F2-E573-415A-B414-3DBD66607373}.Release|Any CPU.Deploy.0 = Release|Any CPU
	EndGlobalSection
	GlobalSection(SolutionProperties) = preSolution
		HideSolutionNode = FALSE
	EndGlobalSection
EndGlobal
